{
  "name": "articles-by-tom",
  "version": "1.0.0",
  "lockfileVersion": 1,
  "requires": true,
  "dependencies": {
    "ejs": {
      "version": "2.5.9",
      "resolved": "http://registry.npm.taobao.org/ejs/download/ejs-2.5.9.tgz",
      "integrity": "sha1-e6JUWCpWDSZ0NxCaaDVBEkdbDOU="
    },
    "reveal.js": {
      "version": "3.6.0",
      "resolved": "http://registry.npm.taobao.org/reveal.js/download/reveal.js-3.6.0.tgz",
      "integrity": "sha1-zg5k8wy+vW5c6IXC84QIXF5YIeg="
    }
  }
}
